{
  "name": "@toolbox-sdk/server",
  "version": "1.2.0",
  "lockfileVersion": 3,
  "requires": true,
  "packages": {
    "": {
      "name": "@toolbox-sdk/server",
      "version": "1.2.0",
      "license": "Apache-2.0",
      "bin": {
        "toolbox": "bin/run.js"
      },
      "optionalDependencies": {
        "@toolbox-sdk/server-darwin-arm64": "1.2.0",
        "@toolbox-sdk/server-darwin-x64": "1.2.0",
        "@toolbox-sdk/server-linux-x64": "1.2.0",
        "@toolbox-sdk/server-win32-x64": "1.2.0"
      }
    },
    "node_modules/@toolbox-sdk/server-darwin-arm64": {
      "version": "1.2.0",
      "resolved": "https://registry.npmjs.org/@toolbox-sdk/server-darwin-arm64/-/server-darwin-arm64-1.2.0.tgz",
      "integrity": "sha512-+qq+sGkEMOIt+Qclqg6n29n9NwbpeMe3IPVNLx/JPaCdGtb95PeFwhhJxQvL1DpX7Itor2qV+7E50K4mu4ko6A==",
      "cpu": [
        "arm64"
      ],
      "license": "Apache-2.0",
      "optional": true,
      "os": [
        "darwin"
      ]
    },
    "node_modules/@toolbox-sdk/server-darwin-x64": {
      "version": "1.2.0",
      "resolved": "https://registry.npmjs.org/@toolbox-sdk/server-darwin-x64/-/server-darwin-x64-1.2.0.tgz",
      "integrity": "sha512-o9vjsaVeIWlEExWMVM2Uyu7GiFP4AK9/b2O+WRc1A5zOBTFkZO0h2srNRf60fb3igX5tTIYQXSQvbrjUTYv5MQ==",
      "cpu": [
        "x64"
      ],
      "license": "Apache-2.0",
      "optional": true,
      "os": [
        "darwin"
      ]
    },
    "node_modules/@toolbox-sdk/server-linux-x64": {
      "version": "1.2.0",
      "resolved": "https://registry.npmjs.org/@toolbox-sdk/server-linux-x64/-/server-linux-x64-1.2.0.tgz",
      "integrity": "sha512-1isp1FidblH+npniGAlUZLWmYcvjCnWdPtAkIv3P41gwJwAAGxPYPUszTPsIdsTSkBrr8mQhrkejdQyqPfWnhw==",
      "cpu": [
        "x64"
      ],
      "license": "Apache-2.0",
      "optional": true,
      "os": [
        "linux"
      ]
    },
    "node_modules/@toolbox-sdk/server-win32-x64": {
      "version": "1.2.0",
      "resolved": "https://registry.npmjs.org/@toolbox-sdk/server-win32-x64/-/server-win32-x64-1.2.0.tgz",
      "integrity": "sha512-10wL89wfSoW5Wd/0zzTLJB60vjWiT57uio1wd5pGG471G27rIK+tDHSluXanOufSIYbfQ6zy5nBkQ6TKA7WhiA==",
      "cpu": [
        "x64"
      ],
      "license": "Apache-2.0",
      "optional": true,
      "os": [
        "win32"
      ]
    }
  }
}
